{
  "version": 4,
  "terraform_version": "1.0.4",
  "serial": 604,
  "lineage": "03d1ebc7-42b1-b0ea-65be-598b4d817ff5",
  "outputs": {
    "ip-0": {
      "value": "165.227.87.218",
      "type": "string"
    },
    "ip-1": {
      "value": "64.227.0.75",
      "type": "string"
    }
  },
  "resources": [
    {
      "mode": "managed",
      "type": "digitalocean_droplet",
      "name": "master",
      "provider": "provider[\"registry.terraform.io/digitalocean/digitalocean\"]",
      "instances": [
        {
          "status": "tainted",
          "schema_version": 1,
          "attributes": {
            "backups": false,
            "created_at": "2021-08-13T13:20:53Z",
            "disk": 60,
            "droplet_agent": null,
            "id": "259636408",
            "image": "debian-10-x64",
            "ipv4_address": "64.227.9.87",
            "ipv4_address_private": "10.116.0.4",
            "ipv6": false,
            "ipv6_address": "",
            "locked": false,
            "memory": 2048,
            "monitoring": false,
            "name": "master",
            "price_hourly": 0.02679,
            "price_monthly": 18,
            "private_networking": true,
            "region": "nyc1",
            "resize_disk": true,
            "size": "s-2vcpu-2gb-amd",
            "ssh_keys": [
              "31016426",
              "31016927"
            ],
            "status": "active",
            "tags": [
              "kubernetes"
            ],
            "urn": "do:droplet:259636408",
            "user_data": null,
            "vcpus": 2,
            "volume_ids": [],
            "vpc_uuid": "f1e24f94-48c6-4cf2-9501-914dc5e26a08"
          },
          "sensitive_attributes": [],
          "private": "eyJzY2hlbWFfdmVyc2lvbiI6IjEifQ=="
        }
      ]
    },
    {
      "mode": "managed",
      "type": "digitalocean_droplet",
      "name": "worker",
      "provider": "provider[\"registry.terraform.io/digitalocean/digitalocean\"]",
      "instances": [
        {
          "index_key": 0,
          "schema_version": 1,
          "attributes": {
            "backups": false,
            "created_at": "2021-08-13T13:20:53Z",
            "disk": 60,
            "droplet_agent": null,
            "id": "259636406",
            "image": "debian-10-x64",
            "ipv4_address": "165.227.87.218",
            "ipv4_address_private": "10.116.0.2",
            "ipv6": false,
            "ipv6_address": "",
            "locked": false,
            "memory": 2048,
            "monitoring": false,
            "name": "worker-0",
            "price_hourly": 0.02679,
            "price_monthly": 18,
            "private_networking": true,
            "region": "nyc1",
            "resize_disk": true,
            "size": "s-2vcpu-2gb-amd",
            "ssh_keys": [
              "31016426",
              "31016927"
            ],
            "status": "active",
            "tags": [
              "kubernetes"
            ],
            "urn": "do:droplet:259636406",
            "user_data": null,
            "vcpus": 2,
            "volume_ids": [],
            "vpc_uuid": "f1e24f94-48c6-4cf2-9501-914dc5e26a08"
          },
          "sensitive_attributes": [],
          "private": "eyJzY2hlbWFfdmVyc2lvbiI6IjEifQ=="
        },
        {
          "index_key": 1,
          "schema_version": 1,
          "attributes": {
            "backups": false,
            "created_at": "2021-08-13T13:20:53Z",
            "disk": 60,
            "droplet_agent": null,
            "id": "259636407",
            "image": "debian-10-x64",
            "ipv4_address": "64.227.0.75",
            "ipv4_address_private": "10.116.0.3",
            "ipv6": false,
            "ipv6_address": "",
            "locked": false,
            "memory": 2048,
            "monitoring": false,
            "name": "worker-1",
            "price_hourly": 0.02679,
            "price_monthly": 18,
            "private_networking": true,
            "region": "nyc1",
            "resize_disk": true,
            "size": "s-2vcpu-2gb-amd",
            "ssh_keys": [
              "31016426",
              "31016927"
            ],
            "status": "active",
            "tags": [
              "kubernetes"
            ],
            "urn": "do:droplet:259636407",
            "user_data": null,
            "vcpus": 2,
            "volume_ids": [],
            "vpc_uuid": "f1e24f94-48c6-4cf2-9501-914dc5e26a08"
          },
          "sensitive_attributes": [],
          "private": "eyJzY2hlbWFfdmVyc2lvbiI6IjEifQ=="
        }
      ]
    }
  ]
}
